
Microsoft Visual Studio Solution File, Format Version 12.00
# Visual Studio Version 16
VisualStudioVersion = 16.0.31424.327
MinimumVisualStudioVersion = 10.0.40219.1
Project("{FAE04EC0-301F-11D3-BF4B-00C04F79EFBC}") = "InvoiceGeneration", "InvoiceGeneration\InvoiceGeneration.csproj", "{47BBE1FF-55FA-4E20-9B5E-56CC0E579881}"
EndProject
Project("{FAE04EC0-301F-11D3-BF4B-00C04F79EFBC}") = "InvoiceGenerationTestProject1", "InvoiceGenerationTestProject1\InvoiceGenerationTestProject1.csproj", "{65735C40-C81E-41D7-A671-B69787C2E755}"
EndProject
Global
	GlobalSection(SolutionConfigurationPlatforms) = preSolution
		Debug|Any CPU = Debug|Any CPU
		Release|Any CPU = Release|Any CPU
	EndGlobalSection
	GlobalSection(ProjectConfigurationPlatforms) = postSolution
		{47BBE1FF-55FA-4E20-9B5E-56CC0E579881}.Debug|Any CPU.ActiveCfg = Debug|Any CPU
		{47BBE1FF-55FA-4E20-9B5E-56CC0E579881}.Debug|Any CPU.Build.0 = Debug|Any CPU
		{47BBE1FF-55FA-4E20-9B5E-56CC0E579881}.Release|Any CPU.ActiveCfg = Release|Any CPU
		{47BBE1FF-55FA-4E20-9B5E-56CC0E579881}.Release|Any CPU.Build.0 = Release|Any CPU
		{65735C40-C81E-41D7-A671-B69787C2E755}.Debug|Any CPU.ActiveCfg = Debug|Any CPU
		{65735C40-C81E-41D7-A671-B69787C2E755}.Debug|Any CPU.Build.0 = Debug|Any CPU
		{65735C40-C81E-41D7-A671-B69787C2E755}.Release|Any CPU.ActiveCfg = Release|Any CPU
		{65735C40-C81E-41D7-A671-B69787C2E755}.Release|Any CPU.Build.0 = Release|Any CPU
	EndGlobalSection
	GlobalSection(SolutionProperties) = preSolution
		HideSolutionNode = FALSE
	EndGlobalSection
	GlobalSection(ExtensibilityGlobals) = postSolution
		SolutionGuid = {69A4EEA7-990C-4163-9331-FC04C51F6F55}
	EndGlobalSection
EndGlobal
